
Microsoft Visual Studio Solution File, Format Version 12.00
# Visual Studio Version 16
VisualStudioVersion = 16.0.29519.181
MinimumVisualStudioVersion = 10.0.40219.1
Project("{FAE04EC0-301F-11D3-BF4B-00C04F79EFBC}") = "IdentityCore", "IdentityCore\IdentityCore.csproj", "{B2E2CE89-0D96-4EAD-9B38-F64DE65A15E3}"
EndProject
Global
	GlobalSection(SolutionConfigurationPlatforms) = preSolution
		Debug|Any CPU = Debug|Any CPU
		Release|Any CPU = Release|Any CPU
	EndGlobalSection
	GlobalSection(ProjectConfigurationPlatforms) = postSolution
		{B2E2CE89-0D96-4EAD-9B38-F64DE65A15E3}.Debug|Any CPU.ActiveCfg = Debug|Any CPU
		{B2E2CE89-0D96-4EAD-9B38-F64DE65A15E3}.Debug|Any CPU.Build.0 = Debug|Any CPU
		{B2E2CE89-0D96-4EAD-9B38-F64DE65A15E3}.Release|Any CPU.ActiveCfg = Release|Any CPU
		{B2E2CE89-0D96-4EAD-9B38-F64DE65A15E3}.Release|Any CPU.Build.0 = Release|Any CPU
	EndGlobalSection
	GlobalSection(SolutionProperties) = preSolution
		HideSolutionNode = FALSE
	EndGlobalSection
	GlobalSection(ExtensibilityGlobals) = postSolution
		SolutionGuid = {912209A7-C844-47D9-8D03-3E8E8D832AC2}
	EndGlobalSection
EndGlobal
